# This file is automatically @generated by Wally.
# It is not intended for manual editing.
registry = "test"

[[package]]
name = "boatbomber/hashlib"
version = "1.0.0"
dependencies = []

[[package]]
name = "brittonfischer/profileservice"
version = "2.1.5"
dependencies = []

[[package]]
name = "do-not-publish/xyz"
version = "0.1.0"
dependencies = [["CFrameUtil", "nightcycle/cframe-util@1.0.0"], ["CurveUtil", "nightcycle/curve-util@1.0.0"], ["Fusion", "elttob/fusion@0.1.1-beta"], ["GeometryUtil", "nightcycle/geometry-util@1.1.1"], ["HashUtil", "boatbomber/hashlib@1.0.0"], ["Maid", "nightcycle/maid@1.1.4"], ["ModelUtil", "nightcycle/model-util@1.0.6"], ["NetworkUtil", "nightcycle/network-util@1.6.0"], ["ProfileService", "brittonfischer/profileservice@2.1.5"], ["ServiceProxy", "nightcycle/service-proxy@1.0.0"], ["Signal", "nightcycle/signal@1.0.2"], ["Spring", "nightcycle/spring@1.0.0"], ["TableUtil", "nightcycle/table-util@1.1.0"]]

[[package]]
name = "elttob/fusion"
version = "0.1.1-beta"
dependencies = []

[[package]]
name = "nightcycle/cframe-util"
version = "1.0.0"
dependencies = [["GeometryUtil", "nightcycle/geometry-util@1.1.1"]]

[[package]]
name = "nightcycle/constraint-util"
version = "1.0.0"
dependencies = [["Maid", "nightcycle/maid@1.1.4"]]

[[package]]
name = "nightcycle/curve-util"
version = "1.0.0"
dependencies = [["Vector", "nightcycle/vector@1.0.2"]]

[[package]]
name = "nightcycle/geometry-util"
version = "1.1.1"
dependencies = []

[[package]]
name = "nightcycle/maid"
version = "1.1.4"
dependencies = []

[[package]]
name = "nightcycle/mesh-util"
version = "1.0.3"
dependencies = [["GeometryUtil", "nightcycle/geometry-util@1.1.1"]]

[[package]]
name = "nightcycle/model-util"
version = "1.0.6"
dependencies = [["CFrameUtil", "nightcycle/cframe-util@1.0.0"], ["ConstraintUtil", "nightcycle/constraint-util@1.0.0"], ["Maid", "nightcycle/maid@1.1.4"], ["MeshUtil", "nightcycle/mesh-util@1.0.3"]]

[[package]]
name = "nightcycle/network-util"
version = "1.6.0"
dependencies = [["Maid", "nightcycle/maid@1.1.4"], ["Signal", "nightcycle/signal@1.0.2"]]

[[package]]
name = "nightcycle/service-proxy"
version = "1.0.0"
dependencies = []

[[package]]
name = "nightcycle/signal"
version = "1.0.2"
dependencies = []

[[package]]
name = "nightcycle/spring"
version = "1.0.0"
dependencies = []

[[package]]
name = "nightcycle/table-util"
version = "1.1.0"
dependencies = []

[[package]]
name = "nightcycle/vector"
version = "1.0.2"
dependencies = []
